# This file is automatically @generated by Cargo.
# It is not intended for manual editing.
version = 4

[[package]]
name = "prism-fec"
version = "0.0.0"
dependencies = [
 "qrcraftly-core",
]

[[package]]
name = "qr-decode"
version = "0.0.0"
dependencies = [
 "qr-encode",
 "qrcraftly-core",
]

[[package]]
name = "qr-encode"
version = "0.0.0"
dependencies = [
 "qrcraftly-core",
]

[[package]]
name = "qrcraftly-core"
version = "0.0.0"

[[package]]
name = "selftest"
version = "0.0.0"
dependencies = [
 "qrcraftly-core",
]
